
Microsoft Visual Studio Solution File, Format Version 11.00
# Visual Studio 2010
Project("{FAE04EC0-301F-11D3-BF4B-00C04F79EFBC}") = "ExpressNet", "ExpressNet.csproj", "{8C3F712E-F26E-421A-81FD-A95E69C8979B}"
EndProject
Global
	GlobalSection(SolutionConfigurationPlatforms) = preSolution
		Debug|Any CPU = Debug|Any CPU
		Release|Any CPU = Release|Any CPU
	EndGlobalSection
	GlobalSection(ProjectConfigurationPlatforms) = postSolution
		{8C3F712E-F26E-421A-81FD-A95E69C8979B}.Debug|Any CPU.ActiveCfg = Debug|Any CPU
		{8C3F712E-F26E-421A-81FD-A95E69C8979B}.Debug|Any CPU.Build.0 = Debug|Any CPU
		{8C3F712E-F26E-421A-81FD-A95E69C8979B}.Release|Any CPU.ActiveCfg = Release|Any CPU
		{8C3F712E-F26E-421A-81FD-A95E69C8979B}.Release|Any CPU.Build.0 = Release|Any CPU
	EndGlobalSection
	GlobalSection(MonoDevelopProperties) = preSolution
		StartupItem = ExpressNet.csproj
	EndGlobalSection
EndGlobal
